#
# This file is autogenerated by pip-compile with Python 3.12
# by the following command:
#
#    pip-compile --extra=test --output-file=requirements.lock pyproject.toml
#
contourpy==1.3.3
    # via matplotlib
cycler==0.12.1
    # via matplotlib
fonttools==4.61.1
    # via matplotlib
kiwisolver==1.4.9
    # via matplotlib
matplotlib==3.10.8
    # via Assimulo (pyproject.toml)
numpy==2.4.2
    # via
    #   Assimulo (pyproject.toml)
    #   contourpy
    #   matplotlib
    #   scipy
packaging==26.0
    # via matplotlib
pillow==12.1.0
    # via matplotlib
pyparsing==3.3.2
    # via matplotlib
python-dateutil==2.9.0.post0
    # via matplotlib
scipy==1.17.0
    # via Assimulo (pyproject.toml)
six==1.17.0
    # via python-dateutil
